
Microsoft Visual Studio Solution File, Format Version 12.00
# Visual Studio Version 17
VisualStudioVersion = 17.14.36623.8 d17.14
MinimumVisualStudioVersion = 10.0.40219.1
Project("{FAE04EC0-301F-11D3-BF4B-00C04F79EFBC}") = "MicroCommerce", "MicroCommerce\MicroCommerce.csproj", "{739FE883-5A89-4EAE-9A47-579C27B2EF7F}"
EndProject
Global
	GlobalSection(SolutionConfigurationPlatforms) = preSolution
		Debug|Any CPU = Debug|Any CPU
		Release|Any CPU = Release|Any CPU
	EndGlobalSection
	GlobalSection(ProjectConfigurationPlatforms) = postSolution
		{739FE883-5A89-4EAE-9A47-579C27B2EF7F}.Debug|Any CPU.ActiveCfg = Debug|Any CPU
		{739FE883-5A89-4EAE-9A47-579C27B2EF7F}.Debug|Any CPU.Build.0 = Debug|Any CPU
		{739FE883-5A89-4EAE-9A47-579C27B2EF7F}.Release|Any CPU.ActiveCfg = Release|Any CPU
		{739FE883-5A89-4EAE-9A47-579C27B2EF7F}.Release|Any CPU.Build.0 = Release|Any CPU
	EndGlobalSection
	GlobalSection(SolutionProperties) = preSolution
		HideSolutionNode = FALSE
	EndGlobalSection
	GlobalSection(ExtensibilityGlobals) = postSolution
		SolutionGuid = {7FA5A25A-84FB-4C5C-900B-34B38ACA5DBE}
	EndGlobalSection
EndGlobal
