
Microsoft Visual Studio Solution File, Format Version 12.00
# Visual Studio Version 17
VisualStudioVersion = 17.14.36623.8 d17.14
MinimumVisualStudioVersion = 10.0.40219.1
Project("{FAE04EC0-301F-11D3-BF4B-00C04F79EFBC}") = "Business_School", "Business_School\Business_School.csproj", "{453FCA97-9E46-4AE2-B5CA-19B2CFB2C001}"
EndProject
Global
	GlobalSection(SolutionConfigurationPlatforms) = preSolution
		Debug|Any CPU = Debug|Any CPU
		Release|Any CPU = Release|Any CPU
	EndGlobalSection
	GlobalSection(ProjectConfigurationPlatforms) = postSolution
		{453FCA97-9E46-4AE2-B5CA-19B2CFB2C001}.Debug|Any CPU.ActiveCfg = Debug|Any CPU
		{453FCA97-9E46-4AE2-B5CA-19B2CFB2C001}.Debug|Any CPU.Build.0 = Debug|Any CPU
		{453FCA97-9E46-4AE2-B5CA-19B2CFB2C001}.Release|Any CPU.ActiveCfg = Release|Any CPU
		{453FCA97-9E46-4AE2-B5CA-19B2CFB2C001}.Release|Any CPU.Build.0 = Release|Any CPU
	EndGlobalSection
	GlobalSection(SolutionProperties) = preSolution
		HideSolutionNode = FALSE
	EndGlobalSection
	GlobalSection(ExtensibilityGlobals) = postSolution
		SolutionGuid = {11CE16A0-AD42-4AA0-8905-266FC31C52DC}
	EndGlobalSection
EndGlobal
